
Microsoft Visual Studio Solution File, Format Version 12.00
# Visual Studio Version 17
VisualStudioVersion = 17.14.36301.6 d17.14
MinimumVisualStudioVersion = 10.0.40219.1
Project("{54A90642-561A-4BB1-A94E-469ADEE60C69}") = "reacttsapp.client", "reacttsapp.client\reacttsapp.client.esproj", "{4ED0DCA2-0602-1206-A043-32C30958EBDC}"
EndProject
Project("{FAE04EC0-301F-11D3-BF4B-00C04F79EFBC}") = "ReactTSApp.Server", "ReactTSApp.Server\ReactTSApp.Server.csproj", "{CC094588-9C1D-4B08-B03B-6A0A1F779C1E}"
EndProject
Global
	GlobalSection(SolutionConfigurationPlatforms) = preSolution
		Debug|Any CPU = Debug|Any CPU
		Release|Any CPU = Release|Any CPU
	EndGlobalSection
	GlobalSection(ProjectConfigurationPlatforms) = postSolution
		{4ED0DCA2-0602-1206-A043-32C30958EBDC}.Debug|Any CPU.ActiveCfg = Debug|Any CPU
		{4ED0DCA2-0602-1206-A043-32C30958EBDC}.Debug|Any CPU.Build.0 = Debug|Any CPU
		{4ED0DCA2-0602-1206-A043-32C30958EBDC}.Debug|Any CPU.Deploy.0 = Debug|Any CPU
		{4ED0DCA2-0602-1206-A043-32C30958EBDC}.Release|Any CPU.ActiveCfg = Release|Any CPU
		{4ED0DCA2-0602-1206-A043-32C30958EBDC}.Release|Any CPU.Build.0 = Release|Any CPU
		{4ED0DCA2-0602-1206-A043-32C30958EBDC}.Release|Any CPU.Deploy.0 = Release|Any CPU
		{CC094588-9C1D-4B08-B03B-6A0A1F779C1E}.Debug|Any CPU.ActiveCfg = Debug|Any CPU
		{CC094588-9C1D-4B08-B03B-6A0A1F779C1E}.Debug|Any CPU.Build.0 = Debug|Any CPU
		{CC094588-9C1D-4B08-B03B-6A0A1F779C1E}.Release|Any CPU.ActiveCfg = Release|Any CPU
		{CC094588-9C1D-4B08-B03B-6A0A1F779C1E}.Release|Any CPU.Build.0 = Release|Any CPU
	EndGlobalSection
	GlobalSection(SolutionProperties) = preSolution
		HideSolutionNode = FALSE
	EndGlobalSection
	GlobalSection(ExtensibilityGlobals) = postSolution
		SolutionGuid = {D9801F57-C3BD-44D2-B3B9-0BF60279BB43}
	EndGlobalSection
EndGlobal
